
Microsoft Visual Studio Solution File, Format Version 12.00
# Visual Studio Version 16
VisualStudioVersion = 16.0.29215.179
MinimumVisualStudioVersion = 10.0.40219.1
Project("{9A19103F-16F7-4668-BE54-9A1E7A4F7556}") = "DnDBot", "DnDBot.csproj", "{7D1FC208-A515-40C7-B58E-63DAE079C048}"
EndProject
Global
	GlobalSection(SolutionConfigurationPlatforms) = preSolution
		Debug|Any CPU = Debug|Any CPU
		Release|Any CPU = Release|Any CPU
	EndGlobalSection
	GlobalSection(ProjectConfigurationPlatforms) = postSolution
		{7D1FC208-A515-40C7-B58E-63DAE079C048}.Debug|Any CPU.ActiveCfg = Debug|Any CPU
		{7D1FC208-A515-40C7-B58E-63DAE079C048}.Debug|Any CPU.Build.0 = Debug|Any CPU
		{7D1FC208-A515-40C7-B58E-63DAE079C048}.Release|Any CPU.ActiveCfg = Release|Any CPU
		{7D1FC208-A515-40C7-B58E-63DAE079C048}.Release|Any CPU.Build.0 = Release|Any CPU
	EndGlobalSection
	GlobalSection(SolutionProperties) = preSolution
		HideSolutionNode = FALSE
	EndGlobalSection
	GlobalSection(ExtensibilityGlobals) = postSolution
		SolutionGuid = {5F2B1500-EB29-4589-93E6-3574D68A7CFB}
	EndGlobalSection
EndGlobal
